
Microsoft Visual Studio Solution File, Format Version 10.00
# Visual Studio 2008
Project("{8BC9CEB8-8B4A-11D0-8D11-00A0C91BC942}") = "ESMImageAlignment", "ESMImageAlignment\ESMImageAlignment.vcproj", "{C407F471-5EFC-4B16-8EEF-370C0C5193A2}"
EndProject
Project("{8BC9CEB8-8B4A-11D0-8D11-00A0C91BC942}") = "ICImageAlignment", "ICImageAlignment\ICImageAlignment.vcproj", "{381CD2BC-821A-4594-8956-ABD69065F118}"
EndProject
Project("{8BC9CEB8-8B4A-11D0-8D11-00A0C91BC942}") = "CompaireAlgorithms", "CompaireAlgorithms\CompaireAlgorithms.vcproj", "{CC2F4991-F237-4F3B-BC62-3AF19F42936E}"
EndProject
Project("{8BC9CEB8-8B4A-11D0-8D11-00A0C91BC942}") = "TemplatebasedTracking", "TemplatebasedTracking\TemplatebasedTracking.vcproj", "{51F23356-7E14-4D3D-A1F1-1B90159E5C0A}"
EndProject
Global
	GlobalSection(SolutionConfigurationPlatforms) = preSolution
		Debug|Win32 = Debug|Win32
		Release|Win32 = Release|Win32
	EndGlobalSection
	GlobalSection(ProjectConfigurationPlatforms) = postSolution
		{C407F471-5EFC-4B16-8EEF-370C0C5193A2}.Debug|Win32.ActiveCfg = Debug|Win32
		{C407F471-5EFC-4B16-8EEF-370C0C5193A2}.Debug|Win32.Build.0 = Debug|Win32
		{C407F471-5EFC-4B16-8EEF-370C0C5193A2}.Release|Win32.ActiveCfg = Release|Win32
		{C407F471-5EFC-4B16-8EEF-370C0C5193A2}.Release|Win32.Build.0 = Release|Win32
		{381CD2BC-821A-4594-8956-ABD69065F118}.Debug|Win32.ActiveCfg = Debug|Win32
		{381CD2BC-821A-4594-8956-ABD69065F118}.Debug|Win32.Build.0 = Debug|Win32
		{381CD2BC-821A-4594-8956-ABD69065F118}.Release|Win32.ActiveCfg = Release|Win32
		{381CD2BC-821A-4594-8956-ABD69065F118}.Release|Win32.Build.0 = Release|Win32
		{CC2F4991-F237-4F3B-BC62-3AF19F42936E}.Debug|Win32.ActiveCfg = Debug|Win32
		{CC2F4991-F237-4F3B-BC62-3AF19F42936E}.Debug|Win32.Build.0 = Debug|Win32
		{CC2F4991-F237-4F3B-BC62-3AF19F42936E}.Release|Win32.ActiveCfg = Release|Win32
		{CC2F4991-F237-4F3B-BC62-3AF19F42936E}.Release|Win32.Build.0 = Release|Win32
		{51F23356-7E14-4D3D-A1F1-1B90159E5C0A}.Debug|Win32.ActiveCfg = Debug|Win32
		{51F23356-7E14-4D3D-A1F1-1B90159E5C0A}.Debug|Win32.Build.0 = Debug|Win32
		{51F23356-7E14-4D3D-A1F1-1B90159E5C0A}.Release|Win32.ActiveCfg = Release|Win32
		{51F23356-7E14-4D3D-A1F1-1B90159E5C0A}.Release|Win32.Build.0 = Release|Win32
	EndGlobalSection
	GlobalSection(SolutionProperties) = preSolution
		HideSolutionNode = FALSE
	EndGlobalSection
EndGlobal
