
Microsoft Visual Studio Solution File, Format Version 10.00
# Visual Studio 2008
Project("{2150E333-8FDC-42A3-9474-1A3956D46DE8}") = "Algorithms", "Algorithms", "{E3F1D81E-BA6F-4DD1-9510-045FB305D1E5}"
EndProject
Project("{2150E333-8FDC-42A3-9474-1A3956D46DE8}") = "Examples", "Examples", "{EAFAA2EA-0891-4F22-B326-9BE1C46B9400}"
EndProject
Project("{8BC9CEB8-8B4A-11D0-8D11-00A0C91BC942}") = "RootFindingExample", "Examples\RootFindingExample\RootFindingExample.vcproj", "{095D412C-9F70-49C4-A1E9-E20518044AF8}"
	ProjectSection(ProjectDependencies) = postProject
		{B7E8F7A0-935B-43B7-9518-6A4C01E8120D} = {B7E8F7A0-935B-43B7-9518-6A4C01E8120D}
	EndProjectSection
EndProject
Project("{8BC9CEB8-8B4A-11D0-8D11-00A0C91BC942}") = "Algorithms", "Algorithms\Algorithms.vcproj", "{B7E8F7A0-935B-43B7-9518-6A4C01E8120D}"
EndProject
Project("{8BC9CEB8-8B4A-11D0-8D11-00A0C91BC942}") = "UnimodalOptimizationExample", "UnimodalOptimizationExample\UnimodalOptimizationExample.vcproj", "{9113E11B-1C95-425C-AE70-2DD58046DF56}"
	ProjectSection(ProjectDependencies) = postProject
		{B7E8F7A0-935B-43B7-9518-6A4C01E8120D} = {B7E8F7A0-935B-43B7-9518-6A4C01E8120D}
	EndProjectSection
EndProject
Global
	GlobalSection(SolutionConfigurationPlatforms) = preSolution
		Debug|Win32 = Debug|Win32
		Release|Win32 = Release|Win32
	EndGlobalSection
	GlobalSection(ProjectConfigurationPlatforms) = postSolution
		{095D412C-9F70-49C4-A1E9-E20518044AF8}.Debug|Win32.ActiveCfg = Debug|Win32
		{095D412C-9F70-49C4-A1E9-E20518044AF8}.Debug|Win32.Build.0 = Debug|Win32
		{095D412C-9F70-49C4-A1E9-E20518044AF8}.Release|Win32.ActiveCfg = Release|Win32
		{095D412C-9F70-49C4-A1E9-E20518044AF8}.Release|Win32.Build.0 = Release|Win32
		{B7E8F7A0-935B-43B7-9518-6A4C01E8120D}.Debug|Win32.ActiveCfg = Debug|Win32
		{B7E8F7A0-935B-43B7-9518-6A4C01E8120D}.Debug|Win32.Build.0 = Debug|Win32
		{B7E8F7A0-935B-43B7-9518-6A4C01E8120D}.Release|Win32.ActiveCfg = Release|Win32
		{B7E8F7A0-935B-43B7-9518-6A4C01E8120D}.Release|Win32.Build.0 = Release|Win32
		{9113E11B-1C95-425C-AE70-2DD58046DF56}.Debug|Win32.ActiveCfg = Debug|Win32
		{9113E11B-1C95-425C-AE70-2DD58046DF56}.Debug|Win32.Build.0 = Debug|Win32
		{9113E11B-1C95-425C-AE70-2DD58046DF56}.Release|Win32.ActiveCfg = Release|Win32
		{9113E11B-1C95-425C-AE70-2DD58046DF56}.Release|Win32.Build.0 = Release|Win32
	EndGlobalSection
	GlobalSection(SolutionProperties) = preSolution
		HideSolutionNode = FALSE
	EndGlobalSection
	GlobalSection(NestedProjects) = preSolution
		{B7E8F7A0-935B-43B7-9518-6A4C01E8120D} = {E3F1D81E-BA6F-4DD1-9510-045FB305D1E5}
		{095D412C-9F70-49C4-A1E9-E20518044AF8} = {EAFAA2EA-0891-4F22-B326-9BE1C46B9400}
		{9113E11B-1C95-425C-AE70-2DD58046DF56} = {EAFAA2EA-0891-4F22-B326-9BE1C46B9400}
	EndGlobalSection
EndGlobal
