
Microsoft Visual Studio Solution File, Format Version 10.00
# Visual C++ Express 2008
Project("{8BC9CEB8-8B4A-11D0-8D11-00A0C91BC942}") = "windage", "windage\windage.vcproj", "{BDCCBABD-5CC7-4472-9E01-A5ED45A2266B}"
EndProject
Global
	GlobalSection(SolutionConfigurationPlatforms) = preSolution
		Debug|Win32 = Debug|Win32
		Release|Win32 = Release|Win32
	EndGlobalSection
	GlobalSection(ProjectConfigurationPlatforms) = postSolution
		{BDCCBABD-5CC7-4472-9E01-A5ED45A2266B}.Debug|Win32.ActiveCfg = Debug|Win32
		{BDCCBABD-5CC7-4472-9E01-A5ED45A2266B}.Debug|Win32.Build.0 = Debug|Win32
		{BDCCBABD-5CC7-4472-9E01-A5ED45A2266B}.Release|Win32.ActiveCfg = Release|Win32
		{BDCCBABD-5CC7-4472-9E01-A5ED45A2266B}.Release|Win32.Build.0 = Release|Win32
	EndGlobalSection
	GlobalSection(SolutionProperties) = preSolution
		HideSolutionNode = FALSE
	EndGlobalSection
	GlobalSection(NestedProjects) = preSolution
		{BDCCBABD-5CC7-4472-9E01-A5ED45A2266B} = {8BF375E3-6F4C-4A37-AC13-05B53622449A}
		{D74C4D0D-B19F-4155-B0D8-B1171D91839A} = {C89B9D79-0565-43FA-A9BA-FC5CB52972F1}
		{55215990-D4D7-435D-8608-E6078C0F184F} = {88DDBFE1-5E4A-4B1B-A62F-1D38B81D8E64}
		{1E45E76B-4E96-4DBA-8EBB-212D2463065E} = {88DDBFE1-5E4A-4B1B-A62F-1D38B81D8E64}
		{CB071729-ABAB-4E0F-83C3-8EF7B1B56ED6} = {88DDBFE1-5E4A-4B1B-A62F-1D38B81D8E64}
		{7974C387-4D43-4C1C-B9AD-DE81A9422FF5} = {88DDBFE1-5E4A-4B1B-A62F-1D38B81D8E64}
		{E6B84651-1EF9-4DFB-BFFB-6EC04E1D7297} = {88DDBFE1-5E4A-4B1B-A62F-1D38B81D8E64}
		{5BD6728C-2AA9-482E-BBD6-0BA90CCC5AD6} = {88DDBFE1-5E4A-4B1B-A62F-1D38B81D8E64}
		{6AB27E35-8AAF-44EA-8AB6-33EF997F4BB0} = {88DDBFE1-5E4A-4B1B-A62F-1D38B81D8E64}
		{55BE011A-E4EF-420F-AF09-2C38C5A942FC} = {88DDBFE1-5E4A-4B1B-A62F-1D38B81D8E64}
		{59CC770F-F4A5-439B-8FA4-2BA200EA628F} = {88DDBFE1-5E4A-4B1B-A62F-1D38B81D8E64}
		{57FF759A-18E7-4AB4-BCAB-621F1E58B561} = {88DDBFE1-5E4A-4B1B-A62F-1D38B81D8E64}
		{2F81C843-B8D8-4619-BE9A-DF31C69E45A6} = {88DDBFE1-5E4A-4B1B-A62F-1D38B81D8E64}
		{5B109E30-3981-452E-9914-B0AA5D77FC88} = {88DDBFE1-5E4A-4B1B-A62F-1D38B81D8E64}
		{A2AE041F-AE23-40C0-A4B5-DA69B78515DA} = {88DDBFE1-5E4A-4B1B-A62F-1D38B81D8E64}
		{D1A59A69-EB63-4CC0-BA15-5EDAAEA1155F} = {51107080-11B5-453F-8F32-CCFB448458AE}
		{F8C409DD-AEB7-4287-B78D-8426DC570FF8} = {51107080-11B5-453F-8F32-CCFB448458AE}
		{3AB01E6B-797C-4039-BA7D-96F9CAC6F432} = {51107080-11B5-453F-8F32-CCFB448458AE}
		{46B70D48-3BF4-420C-825D-3B1F185A5A55} = {51107080-11B5-453F-8F32-CCFB448458AE}
		{3BAEE5B6-2ACE-4068-9584-3086A3101F73} = {51107080-11B5-453F-8F32-CCFB448458AE}
		{F0DAF0BB-AEE0-4139-952D-DF03DF3096A3} = {51107080-11B5-453F-8F32-CCFB448458AE}
		{4F0A7C1E-4B4F-448C-961E-28D973222132} = {51107080-11B5-453F-8F32-CCFB448458AE}
		{F9BEBB71-DDDF-4F3E-9874-A0C153A297C2} = {D1A59A69-EB63-4CC0-BA15-5EDAAEA1155F}
		{CCA8A8AB-5EB1-4FB9-A3D9-41FD29256951} = {D1A59A69-EB63-4CC0-BA15-5EDAAEA1155F}
		{AAAC08B8-B313-4BC7-B6F2-D9B280070AFF} = {F8C409DD-AEB7-4287-B78D-8426DC570FF8}
		{31148DDE-0574-4575-9366-6A0B513605B0} = {F8C409DD-AEB7-4287-B78D-8426DC570FF8}
		{7BF42CAE-C328-4A56-9BFD-CE42D83D1262} = {F8C409DD-AEB7-4287-B78D-8426DC570FF8}
		{2D731FF8-E872-431C-9A8A-AA6DC260F477} = {F8C409DD-AEB7-4287-B78D-8426DC570FF8}
		{BD58D13E-E790-4820-8A92-ED3C1621A237} = {F8C409DD-AEB7-4287-B78D-8426DC570FF8}
		{3C201E23-AB9E-4474-8199-22E70A0627F1} = {3AB01E6B-797C-4039-BA7D-96F9CAC6F432}
		{82F1B2F4-4E30-4C6E-B9C8-BF9705DD86C6} = {3AB01E6B-797C-4039-BA7D-96F9CAC6F432}
		{57640631-77F9-476E-B0E0-20DA43FE8F52} = {46B70D48-3BF4-420C-825D-3B1F185A5A55}
		{4A86785A-A745-4544-AA1E-830D45E89E72} = {46B70D48-3BF4-420C-825D-3B1F185A5A55}
		{5B7756FE-C6C1-4F8B-B1B6-E2508A4CCC1F} = {46B70D48-3BF4-420C-825D-3B1F185A5A55}
		{0C4D521B-C547-46EE-8724-8D0E6B7B1ECD} = {3BAEE5B6-2ACE-4068-9584-3086A3101F73}
		{FB62193B-77F0-469F-A208-B7F6B9C75BFC} = {3BAEE5B6-2ACE-4068-9584-3086A3101F73}
		{86E480A5-3A32-4020-9A87-1B63DE766A6E} = {0C4D521B-C547-46EE-8724-8D0E6B7B1ECD}
		{E0380179-D85C-4EA8-8608-2117AE48B416} = {F0DAF0BB-AEE0-4139-952D-DF03DF3096A3}
		{D9F7002F-5B0B-47CC-9B81-008786AB9A4E} = {FB62193B-77F0-469F-A208-B7F6B9C75BFC}
		{1D25CFA2-4582-4D30-B623-9451D7AF59C9} = {4F0A7C1E-4B4F-448C-961E-28D973222132}
		{F8556F9F-196B-4B70-8BEA-8102E80A003B} = {4F0A7C1E-4B4F-448C-961E-28D973222132}
		{1C78F80D-1556-46A0-8329-23601369504E} = {4F0A7C1E-4B4F-448C-961E-28D973222132}
		{2188AC97-614B-4D7D-BBD0-58BC21C273E6} = {4F0A7C1E-4B4F-448C-961E-28D973222132}
		{A4CCE5E6-154B-41A5-8117-9D0C1D405654} = {A2AE041F-AE23-40C0-A4B5-DA69B78515DA}
		{078F794F-B434-488B-829E-3D41676F2797} = {A2AE041F-AE23-40C0-A4B5-DA69B78515DA}
		{7C0BDFC3-67A6-43B0-A6A5-026CCF9CA21C} = {A2AE041F-AE23-40C0-A4B5-DA69B78515DA}
		{B6CA62A6-8C9A-484A-9041-FD1690BC5978} = {A2AE041F-AE23-40C0-A4B5-DA69B78515DA}
		{8BF82A6D-8578-4B6C-906A-A468BFF52595} = {A2AE041F-AE23-40C0-A4B5-DA69B78515DA}
	EndGlobalSection
EndGlobal
