
Microsoft Visual Studio Solution File, Format Version 10.00
# Visual Studio 2008
Project("{8BC9CEB8-8B4A-11D0-8D11-00A0C91BC942}") = "Moravec", "Moravec\Moravec.vcproj", "{36810FCD-2E02-4E3F-B5EC-3B398A1D7C95}"
EndProject
Global
	GlobalSection(SolutionConfigurationPlatforms) = preSolution
		Debug|Win32 = Debug|Win32
		Release|Win32 = Release|Win32
	EndGlobalSection
	GlobalSection(ProjectConfigurationPlatforms) = postSolution
		{36810FCD-2E02-4E3F-B5EC-3B398A1D7C95}.Debug|Win32.ActiveCfg = Debug|Win32
		{36810FCD-2E02-4E3F-B5EC-3B398A1D7C95}.Debug|Win32.Build.0 = Debug|Win32
		{36810FCD-2E02-4E3F-B5EC-3B398A1D7C95}.Release|Win32.ActiveCfg = Release|Win32
		{36810FCD-2E02-4E3F-B5EC-3B398A1D7C95}.Release|Win32.Build.0 = Release|Win32
	EndGlobalSection
	GlobalSection(SolutionProperties) = preSolution
		HideSolutionNode = FALSE
	EndGlobalSection
EndGlobal
