
Microsoft Visual Studio Solution File, Format Version 10.00
# Visual Studio 2008
Project("{8BC9CEB8-8B4A-11D0-8D11-00A0C91BC942}") = "SURFMatching", "SURFMatching\SURFMatching.vcproj", "{71344379-23F5-4B31-A89D-B1FA921D72A1}"
EndProject
Project("{8BC9CEB8-8B4A-11D0-8D11-00A0C91BC942}") = "SIFTMatching", "SIFTMatching\SIFTMatching.vcproj", "{808D6EBD-58ED-423A-B9CA-74323E5FEFED}"
EndProject
Project("{8BC9CEB8-8B4A-11D0-8D11-00A0C91BC942}") = "FernsMatching", "FernsMatching\FernsMatching.vcproj", "{C3638AA0-0A15-45C3-95D5-FC2784BF7E0A}"
EndProject
Global
	GlobalSection(SolutionConfigurationPlatforms) = preSolution
		Debug|Win32 = Debug|Win32
		Release|Win32 = Release|Win32
	EndGlobalSection
	GlobalSection(ProjectConfigurationPlatforms) = postSolution
		{71344379-23F5-4B31-A89D-B1FA921D72A1}.Debug|Win32.ActiveCfg = Debug|Win32
		{71344379-23F5-4B31-A89D-B1FA921D72A1}.Debug|Win32.Build.0 = Debug|Win32
		{71344379-23F5-4B31-A89D-B1FA921D72A1}.Release|Win32.ActiveCfg = Release|Win32
		{71344379-23F5-4B31-A89D-B1FA921D72A1}.Release|Win32.Build.0 = Release|Win32
		{808D6EBD-58ED-423A-B9CA-74323E5FEFED}.Debug|Win32.ActiveCfg = Debug|Win32
		{808D6EBD-58ED-423A-B9CA-74323E5FEFED}.Debug|Win32.Build.0 = Debug|Win32
		{808D6EBD-58ED-423A-B9CA-74323E5FEFED}.Release|Win32.ActiveCfg = Release|Win32
		{808D6EBD-58ED-423A-B9CA-74323E5FEFED}.Release|Win32.Build.0 = Release|Win32
		{C3638AA0-0A15-45C3-95D5-FC2784BF7E0A}.Debug|Win32.ActiveCfg = Debug|Win32
		{C3638AA0-0A15-45C3-95D5-FC2784BF7E0A}.Debug|Win32.Build.0 = Debug|Win32
		{C3638AA0-0A15-45C3-95D5-FC2784BF7E0A}.Release|Win32.ActiveCfg = Release|Win32
		{C3638AA0-0A15-45C3-95D5-FC2784BF7E0A}.Release|Win32.Build.0 = Release|Win32
	EndGlobalSection
	GlobalSection(SolutionProperties) = preSolution
		HideSolutionNode = FALSE
	EndGlobalSection
EndGlobal
