
Microsoft Visual Studio Solution File, Format Version 10.00
# Visual Studio 2008
Project("{2150E333-8FDC-42A3-9474-1A3956D46DE8}") = "Algorithms", "Algorithms", "{8BF375E3-6F4C-4A37-AC13-05B53622449A}"
EndProject
Project("{8BC9CEB8-8B4A-11D0-8D11-00A0C91BC942}") = "windage", "windage\windage.vcproj", "{BDCCBABD-5CC7-4472-9E01-A5ED45A2266B}"
EndProject
Project("{8BC9CEB8-8B4A-11D0-8D11-00A0C91BC942}") = "windageTest", "..\..\Test Programs\windageTest\windageTest.vcproj", "{D74C4D0D-B19F-4155-B0D8-B1171D91839A}"
	ProjectSection(ProjectDependencies) = postProject
		{BDCCBABD-5CC7-4472-9E01-A5ED45A2266B} = {BDCCBABD-5CC7-4472-9E01-A5ED45A2266B}
	EndProjectSection
EndProject
Project("{2150E333-8FDC-42A3-9474-1A3956D46DE8}") = "Test", "Test", "{C89B9D79-0565-43FA-A9BA-FC5CB52972F1}"
EndProject
Project("{2150E333-8FDC-42A3-9474-1A3956D46DE8}") = "Examples", "Examples", "{88DDBFE1-5E4A-4B1B-A62F-1D38B81D8E64}"
EndProject
Project("{8BC9CEB8-8B4A-11D0-8D11-00A0C91BC942}") = "SingleObjectTracking", "..\..\Examples\SingleObjectTracking\SingleObjectTracking.vcproj", "{55215990-D4D7-435D-8608-E6078C0F184F}"
	ProjectSection(ProjectDependencies) = postProject
		{BDCCBABD-5CC7-4472-9E01-A5ED45A2266B} = {BDCCBABD-5CC7-4472-9E01-A5ED45A2266B}
	EndProjectSection
EndProject
Project("{8BC9CEB8-8B4A-11D0-8D11-00A0C91BC942}") = "MultipleObjectTracking", "..\..\Examples\MultipleObjectTracking\MultipleObjectTracking.vcproj", "{1E45E76B-4E96-4DBA-8EBB-212D2463065E}"
	ProjectSection(ProjectDependencies) = postProject
		{BDCCBABD-5CC7-4472-9E01-A5ED45A2266B} = {BDCCBABD-5CC7-4472-9E01-A5ED45A2266B}
	EndProjectSection
EndProject
Project("{8BC9CEB8-8B4A-11D0-8D11-00A0C91BC942}") = "SimpleARforOpenGL", "..\..\Examples\SimpleARforOpenGL\SimpleARforOpenGL.vcproj", "{CB071729-ABAB-4E0F-83C3-8EF7B1B56ED6}"
	ProjectSection(ProjectDependencies) = postProject
		{BDCCBABD-5CC7-4472-9E01-A5ED45A2266B} = {BDCCBABD-5CC7-4472-9E01-A5ED45A2266B}
	EndProjectSection
EndProject
Project("{2150E333-8FDC-42A3-9474-1A3956D46DE8}") = "Research Projects", "Research Projects", "{51107080-11B5-453F-8F32-CCFB448458AE}"
EndProject
Project("{8BC9CEB8-8B4A-11D0-8D11-00A0C91BC942}") = "CameraTracjectory", "..\..\Examples\CameraTracjectory\CameraTracjectory.vcproj", "{7974C387-4D43-4C1C-B9AD-DE81A9422FF5}"
	ProjectSection(ProjectDependencies) = postProject
		{BDCCBABD-5CC7-4472-9E01-A5ED45A2266B} = {BDCCBABD-5CC7-4472-9E01-A5ED45A2266B}
	EndProjectSection
EndProject
Project("{8BC9CEB8-8B4A-11D0-8D11-00A0C91BC942}") = "SparseReconstruction", "..\..\Examples\SparseReconstruction\SparseReconstruction.vcproj", "{078F794F-B434-488B-829E-3D41676F2797}"
	ProjectSection(ProjectDependencies) = postProject
		{BDCCBABD-5CC7-4472-9E01-A5ED45A2266B} = {BDCCBABD-5CC7-4472-9E01-A5ED45A2266B}
	EndProjectSection
EndProject
Project("{8BC9CEB8-8B4A-11D0-8D11-00A0C91BC942}") = "LoadReconstruction", "..\..\Examples\LoadReconstruction\LoadReconstruction.vcproj", "{E6B84651-1EF9-4DFB-BFFB-6EC04E1D7297}"
	ProjectSection(ProjectDependencies) = postProject
		{BDCCBABD-5CC7-4472-9E01-A5ED45A2266B} = {BDCCBABD-5CC7-4472-9E01-A5ED45A2266B}
	EndProjectSection
EndProject
Project("{8BC9CEB8-8B4A-11D0-8D11-00A0C91BC942}") = "FeatureExtraction", "..\..\Examples\FeatureExtraction\FeatureExtraction.vcproj", "{5BD6728C-2AA9-482E-BBD6-0BA90CCC5AD6}"
	ProjectSection(ProjectDependencies) = postProject
		{BDCCBABD-5CC7-4472-9E01-A5ED45A2266B} = {BDCCBABD-5CC7-4472-9E01-A5ED45A2266B}
	EndProjectSection
EndProject
Project("{8BC9CEB8-8B4A-11D0-8D11-00A0C91BC942}") = "PairMatching", "..\..\Examples\PairMatching\PairMatching.vcproj", "{6AB27E35-8AAF-44EA-8AB6-33EF997F4BB0}"
	ProjectSection(ProjectDependencies) = postProject
		{BDCCBABD-5CC7-4472-9E01-A5ED45A2266B} = {BDCCBABD-5CC7-4472-9E01-A5ED45A2266B}
	EndProjectSection
EndProject
Project("{8BC9CEB8-8B4A-11D0-8D11-00A0C91BC942}") = "SparseIncreamentalReconstruction", "..\..\Examples\SparseIncreamentalReconstruction\SparseIncreamentalReconstruction.vcproj", "{7C0BDFC3-67A6-43B0-A6A5-026CCF9CA21C}"
	ProjectSection(ProjectDependencies) = postProject
		{BDCCBABD-5CC7-4472-9E01-A5ED45A2266B} = {BDCCBABD-5CC7-4472-9E01-A5ED45A2266B}
	EndProjectSection
EndProject
Project("{8BC9CEB8-8B4A-11D0-8D11-00A0C91BC942}") = "oscpackSender", "..\..\Research Projects\oscpackSender\oscpackSender.vcproj", "{CCA8A8AB-5EB1-4FB9-A3D9-41FD29256951}"
EndProject
Project("{8BC9CEB8-8B4A-11D0-8D11-00A0C91BC942}") = "oscpackDump", "..\..\Research Projects\oscpackDump\oscpackDump.vcproj", "{F9BEBB71-DDDF-4F3E-9874-A0C153A297C2}"
EndProject
Project("{8BC9CEB8-8B4A-11D0-8D11-00A0C91BC942}") = "MultipleObjectRelationTracking", "..\..\Research Projects\MultipleObjectRelationTracking\MultipleObjectRelationTracking.vcproj", "{31148DDE-0574-4575-9366-6A0B513605B0}"
	ProjectSection(ProjectDependencies) = postProject
		{BDCCBABD-5CC7-4472-9E01-A5ED45A2266B} = {BDCCBABD-5CC7-4472-9E01-A5ED45A2266B}
	EndProjectSection
EndProject
Project("{8BC9CEB8-8B4A-11D0-8D11-00A0C91BC942}") = "SingleObjectRelationTracking", "..\..\Research Projects\SingleObjectRelationTracking\SingleObjectRelationTracking.vcproj", "{AAAC08B8-B313-4BC7-B6F2-D9B280070AFF}"
	ProjectSection(ProjectDependencies) = postProject
		{BDCCBABD-5CC7-4472-9E01-A5ED45A2266B} = {BDCCBABD-5CC7-4472-9E01-A5ED45A2266B}
	EndProjectSection
EndProject
Project("{2150E333-8FDC-42A3-9474-1A3956D46DE8}") = "oscpack Communication", "oscpack Communication", "{D1A59A69-EB63-4CC0-BA15-5EDAAEA1155F}"
EndProject
Project("{2150E333-8FDC-42A3-9474-1A3956D46DE8}") = "Hidden Tracking", "Hidden Tracking", "{F8C409DD-AEB7-4287-B78D-8426DC570FF8}"
EndProject
Project("{8BC9CEB8-8B4A-11D0-8D11-00A0C91BC942}") = "Single3DObjectTracking", "..\..\Examples\Single3DObjectTracking\Single3DObjectTracking.vcproj", "{55BE011A-E4EF-420F-AF09-2C38C5A942FC}"
	ProjectSection(ProjectDependencies) = postProject
		{BDCCBABD-5CC7-4472-9E01-A5ED45A2266B} = {BDCCBABD-5CC7-4472-9E01-A5ED45A2266B}
	EndProjectSection
EndProject
Project("{8BC9CEB8-8B4A-11D0-8D11-00A0C91BC942}") = "ReconstructionCoordinator", "..\..\Examples\ReconstructionCoordinator\ReconstructionCoordinator.vcproj", "{A4CCE5E6-154B-41A5-8117-9D0C1D405654}"
	ProjectSection(ProjectDependencies) = postProject
		{BDCCBABD-5CC7-4472-9E01-A5ED45A2266B} = {BDCCBABD-5CC7-4472-9E01-A5ED45A2266B}
	EndProjectSection
EndProject
Project("{8BC9CEB8-8B4A-11D0-8D11-00A0C91BC942}") = "MarkerTracking", "..\..\Examples\MarkerTracking\MarkerTracking.vcproj", "{59CC770F-F4A5-439B-8FA4-2BA200EA628F}"
	ProjectSection(ProjectDependencies) = postProject
		{BDCCBABD-5CC7-4472-9E01-A5ED45A2266B} = {BDCCBABD-5CC7-4472-9E01-A5ED45A2266B}
	EndProjectSection
EndProject
Project("{8BC9CEB8-8B4A-11D0-8D11-00A0C91BC942}") = "Multiple3DObjectTracking", "..\..\Examples\Multiple3DObjectTracking\Multiple3DObjectTracking.vcproj", "{57FF759A-18E7-4AB4-BCAB-621F1E58B561}"
	ProjectSection(ProjectDependencies) = postProject
		{BDCCBABD-5CC7-4472-9E01-A5ED45A2266B} = {BDCCBABD-5CC7-4472-9E01-A5ED45A2266B}
	EndProjectSection
EndProject
Project("{8BC9CEB8-8B4A-11D0-8D11-00A0C91BC942}") = "MultipleObjectThreadTracking", "..\..\Examples\MultipleObjectThreadTracking\MultipleObjectThreadTracking.vcproj", "{2F81C843-B8D8-4619-BE9A-DF31C69E45A6}"
	ProjectSection(ProjectDependencies) = postProject
		{BDCCBABD-5CC7-4472-9E01-A5ED45A2266B} = {BDCCBABD-5CC7-4472-9E01-A5ED45A2266B}
	EndProjectSection
EndProject
Project("{8BC9CEB8-8B4A-11D0-8D11-00A0C91BC942}") = "MultipleCameraTracking", "..\..\Research Projects\MultipleCameraTracking\MultipleCameraTracking.vcproj", "{3C201E23-AB9E-4474-8199-22E70A0627F1}"
EndProject
Project("{2150E333-8FDC-42A3-9474-1A3956D46DE8}") = "Other Research Projects", "Other Research Projects", "{3AB01E6B-797C-4039-BA7D-96F9CAC6F432}"
EndProject
Project("{2150E333-8FDC-42A3-9474-1A3956D46DE8}") = "OSG renderer", "OSG renderer", "{46B70D48-3BF4-420C-825D-3B1F185A5A55}"
EndProject
Project("{8BC9CEB8-8B4A-11D0-8D11-00A0C91BC942}") = "windageARforOSG", "..\..\Research Projects\windageARforOSG\windageARforOSG.vcproj", "{57640631-77F9-476E-B0E0-20DA43FE8F52}"
	ProjectSection(ProjectDependencies) = postProject
		{BDCCBABD-5CC7-4472-9E01-A5ED45A2266B} = {BDCCBABD-5CC7-4472-9E01-A5ED45A2266B}
	EndProjectSection
EndProject
Project("{8BC9CEB8-8B4A-11D0-8D11-00A0C91BC942}") = "windageARforOSGSample", "..\..\Research Projects\windageARforOSGSample\windageARforOSGSample.vcproj", "{4A86785A-A745-4544-AA1E-830D45E89E72}"
	ProjectSection(ProjectDependencies) = postProject
		{57640631-77F9-476E-B0E0-20DA43FE8F52} = {57640631-77F9-476E-B0E0-20DA43FE8F52}
		{BDCCBABD-5CC7-4472-9E01-A5ED45A2266B} = {BDCCBABD-5CC7-4472-9E01-A5ED45A2266B}
	EndProjectSection
EndProject
Project("{8BC9CEB8-8B4A-11D0-8D11-00A0C91BC942}") = "ReconstructionCoordinatorOSG", "..\..\Research Projects\ReconstructionCoordinatorOSG\ReconstructionCoordinatorOSG.vcproj", "{5B7756FE-C6C1-4F8B-B1B6-E2508A4CCC1F}"
	ProjectSection(ProjectDependencies) = postProject
		{57640631-77F9-476E-B0E0-20DA43FE8F52} = {57640631-77F9-476E-B0E0-20DA43FE8F52}
		{BDCCBABD-5CC7-4472-9E01-A5ED45A2266B} = {BDCCBABD-5CC7-4472-9E01-A5ED45A2266B}
	EndProjectSection
EndProject
Project("{8BC9CEB8-8B4A-11D0-8D11-00A0C91BC942}") = "Multiple3DObjectWithPlaneTracking", "..\..\Research Projects\Multiple3DObjectWithPlaneTracking\Multiple3DObjectWithPlaneTracking.vcproj", "{7BF42CAE-C328-4A56-9BFD-CE42D83D1262}"
	ProjectSection(ProjectDependencies) = postProject
		{BDCCBABD-5CC7-4472-9E01-A5ED45A2266B} = {BDCCBABD-5CC7-4472-9E01-A5ED45A2266B}
	EndProjectSection
EndProject
Project("{2150E333-8FDC-42A3-9474-1A3956D46DE8}") = "Demo Visualization", "Demo Visualization", "{3BAEE5B6-2ACE-4068-9584-3086A3101F73}"
EndProject
Project("{2150E333-8FDC-42A3-9474-1A3956D46DE8}") = "Multiple Object Tracking", "Multiple Object Tracking", "{0C4D521B-C547-46EE-8724-8D0E6B7B1ECD}"
EndProject
Project("{8BC9CEB8-8B4A-11D0-8D11-00A0C91BC942}") = "DemoMultipleObjectTracking", "..\..\Research Projects\DemoMultipleObjectTracking\DemoMultipleObjectTracking.vcproj", "{86E480A5-3A32-4020-9A87-1B63DE766A6E}"
	ProjectSection(ProjectDependencies) = postProject
		{BDCCBABD-5CC7-4472-9E01-A5ED45A2266B} = {BDCCBABD-5CC7-4472-9E01-A5ED45A2266B}
	EndProjectSection
EndProject
Project("{2150E333-8FDC-42A3-9474-1A3956D46DE8}") = "Sampling", "Sampling", "{F0DAF0BB-AEE0-4139-952D-DF03DF3096A3}"
EndProject
Project("{8BC9CEB8-8B4A-11D0-8D11-00A0C91BC942}") = "FleaCameraCapture", "..\..\Research Projects\FleaCameraCapture\FleaCameraCapture.vcproj", "{E0380179-D85C-4EA8-8608-2117AE48B416}"
EndProject
Project("{8BC9CEB8-8B4A-11D0-8D11-00A0C91BC942}") = "HiddenTrackingTest", "..\..\Research Projects\HiddenTrackingTest\HiddenTrackingTest.vcproj", "{2D731FF8-E872-431C-9A8A-AA6DC260F477}"
	ProjectSection(ProjectDependencies) = postProject
		{BDCCBABD-5CC7-4472-9E01-A5ED45A2266B} = {BDCCBABD-5CC7-4472-9E01-A5ED45A2266B}
	EndProjectSection
EndProject
Project("{2150E333-8FDC-42A3-9474-1A3956D46DE8}") = "Multiple Cameras", "Multiple Cameras", "{FB62193B-77F0-469F-A208-B7F6B9C75BFC}"
EndProject
Project("{8BC9CEB8-8B4A-11D0-8D11-00A0C91BC942}") = "MultipleTracjectory", "..\..\Research Projects\MultipleTracjectory\MultipleTracjectory.vcproj", "{D9F7002F-5B0B-47CC-9B81-008786AB9A4E}"
	ProjectSection(ProjectDependencies) = postProject
		{BDCCBABD-5CC7-4472-9E01-A5ED45A2266B} = {BDCCBABD-5CC7-4472-9E01-A5ED45A2266B}
	EndProjectSection
EndProject
Global
	GlobalSection(SolutionConfigurationPlatforms) = preSolution
		Debug|Win32 = Debug|Win32
		Release|Win32 = Release|Win32
	EndGlobalSection
	GlobalSection(ProjectConfigurationPlatforms) = postSolution
		{BDCCBABD-5CC7-4472-9E01-A5ED45A2266B}.Debug|Win32.ActiveCfg = Debug|Win32
		{BDCCBABD-5CC7-4472-9E01-A5ED45A2266B}.Debug|Win32.Build.0 = Debug|Win32
		{BDCCBABD-5CC7-4472-9E01-A5ED45A2266B}.Release|Win32.ActiveCfg = Release|Win32
		{BDCCBABD-5CC7-4472-9E01-A5ED45A2266B}.Release|Win32.Build.0 = Release|Win32
		{D74C4D0D-B19F-4155-B0D8-B1171D91839A}.Debug|Win32.ActiveCfg = Debug|Win32
		{D74C4D0D-B19F-4155-B0D8-B1171D91839A}.Debug|Win32.Build.0 = Debug|Win32
		{D74C4D0D-B19F-4155-B0D8-B1171D91839A}.Release|Win32.ActiveCfg = Release|Win32
		{D74C4D0D-B19F-4155-B0D8-B1171D91839A}.Release|Win32.Build.0 = Release|Win32
		{55215990-D4D7-435D-8608-E6078C0F184F}.Debug|Win32.ActiveCfg = Debug|Win32
		{55215990-D4D7-435D-8608-E6078C0F184F}.Debug|Win32.Build.0 = Debug|Win32
		{55215990-D4D7-435D-8608-E6078C0F184F}.Release|Win32.ActiveCfg = Release|Win32
		{55215990-D4D7-435D-8608-E6078C0F184F}.Release|Win32.Build.0 = Release|Win32
		{1E45E76B-4E96-4DBA-8EBB-212D2463065E}.Debug|Win32.ActiveCfg = Debug|Win32
		{1E45E76B-4E96-4DBA-8EBB-212D2463065E}.Debug|Win32.Build.0 = Debug|Win32
		{1E45E76B-4E96-4DBA-8EBB-212D2463065E}.Release|Win32.ActiveCfg = Release|Win32
		{1E45E76B-4E96-4DBA-8EBB-212D2463065E}.Release|Win32.Build.0 = Release|Win32
		{CB071729-ABAB-4E0F-83C3-8EF7B1B56ED6}.Debug|Win32.ActiveCfg = Debug|Win32
		{CB071729-ABAB-4E0F-83C3-8EF7B1B56ED6}.Debug|Win32.Build.0 = Debug|Win32
		{CB071729-ABAB-4E0F-83C3-8EF7B1B56ED6}.Release|Win32.ActiveCfg = Release|Win32
		{CB071729-ABAB-4E0F-83C3-8EF7B1B56ED6}.Release|Win32.Build.0 = Release|Win32
		{7974C387-4D43-4C1C-B9AD-DE81A9422FF5}.Debug|Win32.ActiveCfg = Debug|Win32
		{7974C387-4D43-4C1C-B9AD-DE81A9422FF5}.Debug|Win32.Build.0 = Debug|Win32
		{7974C387-4D43-4C1C-B9AD-DE81A9422FF5}.Release|Win32.ActiveCfg = Release|Win32
		{7974C387-4D43-4C1C-B9AD-DE81A9422FF5}.Release|Win32.Build.0 = Release|Win32
		{078F794F-B434-488B-829E-3D41676F2797}.Debug|Win32.ActiveCfg = Debug|Win32
		{078F794F-B434-488B-829E-3D41676F2797}.Debug|Win32.Build.0 = Debug|Win32
		{078F794F-B434-488B-829E-3D41676F2797}.Release|Win32.ActiveCfg = Release|Win32
		{078F794F-B434-488B-829E-3D41676F2797}.Release|Win32.Build.0 = Release|Win32
		{E6B84651-1EF9-4DFB-BFFB-6EC04E1D7297}.Debug|Win32.ActiveCfg = Debug|Win32
		{E6B84651-1EF9-4DFB-BFFB-6EC04E1D7297}.Debug|Win32.Build.0 = Debug|Win32
		{E6B84651-1EF9-4DFB-BFFB-6EC04E1D7297}.Release|Win32.ActiveCfg = Release|Win32
		{E6B84651-1EF9-4DFB-BFFB-6EC04E1D7297}.Release|Win32.Build.0 = Release|Win32
		{5BD6728C-2AA9-482E-BBD6-0BA90CCC5AD6}.Debug|Win32.ActiveCfg = Debug|Win32
		{5BD6728C-2AA9-482E-BBD6-0BA90CCC5AD6}.Debug|Win32.Build.0 = Debug|Win32
		{5BD6728C-2AA9-482E-BBD6-0BA90CCC5AD6}.Release|Win32.ActiveCfg = Release|Win32
		{5BD6728C-2AA9-482E-BBD6-0BA90CCC5AD6}.Release|Win32.Build.0 = Release|Win32
		{6AB27E35-8AAF-44EA-8AB6-33EF997F4BB0}.Debug|Win32.ActiveCfg = Debug|Win32
		{6AB27E35-8AAF-44EA-8AB6-33EF997F4BB0}.Debug|Win32.Build.0 = Debug|Win32
		{6AB27E35-8AAF-44EA-8AB6-33EF997F4BB0}.Release|Win32.ActiveCfg = Release|Win32
		{6AB27E35-8AAF-44EA-8AB6-33EF997F4BB0}.Release|Win32.Build.0 = Release|Win32
		{7C0BDFC3-67A6-43B0-A6A5-026CCF9CA21C}.Debug|Win32.ActiveCfg = Debug|Win32
		{7C0BDFC3-67A6-43B0-A6A5-026CCF9CA21C}.Debug|Win32.Build.0 = Debug|Win32
		{7C0BDFC3-67A6-43B0-A6A5-026CCF9CA21C}.Release|Win32.ActiveCfg = Release|Win32
		{7C0BDFC3-67A6-43B0-A6A5-026CCF9CA21C}.Release|Win32.Build.0 = Release|Win32
		{CCA8A8AB-5EB1-4FB9-A3D9-41FD29256951}.Debug|Win32.ActiveCfg = Debug|Win32
		{CCA8A8AB-5EB1-4FB9-A3D9-41FD29256951}.Debug|Win32.Build.0 = Debug|Win32
		{CCA8A8AB-5EB1-4FB9-A3D9-41FD29256951}.Release|Win32.ActiveCfg = Release|Win32
		{CCA8A8AB-5EB1-4FB9-A3D9-41FD29256951}.Release|Win32.Build.0 = Release|Win32
		{F9BEBB71-DDDF-4F3E-9874-A0C153A297C2}.Debug|Win32.ActiveCfg = Debug|Win32
		{F9BEBB71-DDDF-4F3E-9874-A0C153A297C2}.Debug|Win32.Build.0 = Debug|Win32
		{F9BEBB71-DDDF-4F3E-9874-A0C153A297C2}.Release|Win32.ActiveCfg = Release|Win32
		{F9BEBB71-DDDF-4F3E-9874-A0C153A297C2}.Release|Win32.Build.0 = Release|Win32
		{31148DDE-0574-4575-9366-6A0B513605B0}.Debug|Win32.ActiveCfg = Debug|Win32
		{31148DDE-0574-4575-9366-6A0B513605B0}.Debug|Win32.Build.0 = Debug|Win32
		{31148DDE-0574-4575-9366-6A0B513605B0}.Release|Win32.ActiveCfg = Release|Win32
		{31148DDE-0574-4575-9366-6A0B513605B0}.Release|Win32.Build.0 = Release|Win32
		{AAAC08B8-B313-4BC7-B6F2-D9B280070AFF}.Debug|Win32.ActiveCfg = Debug|Win32
		{AAAC08B8-B313-4BC7-B6F2-D9B280070AFF}.Debug|Win32.Build.0 = Debug|Win32
		{AAAC08B8-B313-4BC7-B6F2-D9B280070AFF}.Release|Win32.ActiveCfg = Release|Win32
		{AAAC08B8-B313-4BC7-B6F2-D9B280070AFF}.Release|Win32.Build.0 = Release|Win32
		{55BE011A-E4EF-420F-AF09-2C38C5A942FC}.Debug|Win32.ActiveCfg = Debug|Win32
		{55BE011A-E4EF-420F-AF09-2C38C5A942FC}.Debug|Win32.Build.0 = Debug|Win32
		{55BE011A-E4EF-420F-AF09-2C38C5A942FC}.Release|Win32.ActiveCfg = Release|Win32
		{55BE011A-E4EF-420F-AF09-2C38C5A942FC}.Release|Win32.Build.0 = Release|Win32
		{A4CCE5E6-154B-41A5-8117-9D0C1D405654}.Debug|Win32.ActiveCfg = Debug|Win32
		{A4CCE5E6-154B-41A5-8117-9D0C1D405654}.Debug|Win32.Build.0 = Debug|Win32
		{A4CCE5E6-154B-41A5-8117-9D0C1D405654}.Release|Win32.ActiveCfg = Release|Win32
		{A4CCE5E6-154B-41A5-8117-9D0C1D405654}.Release|Win32.Build.0 = Release|Win32
		{59CC770F-F4A5-439B-8FA4-2BA200EA628F}.Debug|Win32.ActiveCfg = Debug|Win32
		{59CC770F-F4A5-439B-8FA4-2BA200EA628F}.Debug|Win32.Build.0 = Debug|Win32
		{59CC770F-F4A5-439B-8FA4-2BA200EA628F}.Release|Win32.ActiveCfg = Release|Win32
		{59CC770F-F4A5-439B-8FA4-2BA200EA628F}.Release|Win32.Build.0 = Release|Win32
		{57FF759A-18E7-4AB4-BCAB-621F1E58B561}.Debug|Win32.ActiveCfg = Debug|Win32
		{57FF759A-18E7-4AB4-BCAB-621F1E58B561}.Debug|Win32.Build.0 = Debug|Win32
		{57FF759A-18E7-4AB4-BCAB-621F1E58B561}.Release|Win32.ActiveCfg = Release|Win32
		{57FF759A-18E7-4AB4-BCAB-621F1E58B561}.Release|Win32.Build.0 = Release|Win32
		{2F81C843-B8D8-4619-BE9A-DF31C69E45A6}.Debug|Win32.ActiveCfg = Debug|Win32
		{2F81C843-B8D8-4619-BE9A-DF31C69E45A6}.Debug|Win32.Build.0 = Debug|Win32
		{2F81C843-B8D8-4619-BE9A-DF31C69E45A6}.Release|Win32.ActiveCfg = Release|Win32
		{2F81C843-B8D8-4619-BE9A-DF31C69E45A6}.Release|Win32.Build.0 = Release|Win32
		{3C201E23-AB9E-4474-8199-22E70A0627F1}.Debug|Win32.ActiveCfg = Debug|Win32
		{3C201E23-AB9E-4474-8199-22E70A0627F1}.Debug|Win32.Build.0 = Debug|Win32
		{3C201E23-AB9E-4474-8199-22E70A0627F1}.Release|Win32.ActiveCfg = Release|Win32
		{3C201E23-AB9E-4474-8199-22E70A0627F1}.Release|Win32.Build.0 = Release|Win32
		{57640631-77F9-476E-B0E0-20DA43FE8F52}.Debug|Win32.ActiveCfg = Debug|Win32
		{57640631-77F9-476E-B0E0-20DA43FE8F52}.Debug|Win32.Build.0 = Debug|Win32
		{57640631-77F9-476E-B0E0-20DA43FE8F52}.Release|Win32.ActiveCfg = Release|Win32
		{57640631-77F9-476E-B0E0-20DA43FE8F52}.Release|Win32.Build.0 = Release|Win32
		{4A86785A-A745-4544-AA1E-830D45E89E72}.Debug|Win32.ActiveCfg = Debug|Win32
		{4A86785A-A745-4544-AA1E-830D45E89E72}.Debug|Win32.Build.0 = Debug|Win32
		{4A86785A-A745-4544-AA1E-830D45E89E72}.Release|Win32.ActiveCfg = Release|Win32
		{4A86785A-A745-4544-AA1E-830D45E89E72}.Release|Win32.Build.0 = Release|Win32
		{5B7756FE-C6C1-4F8B-B1B6-E2508A4CCC1F}.Debug|Win32.ActiveCfg = Debug|Win32
		{5B7756FE-C6C1-4F8B-B1B6-E2508A4CCC1F}.Debug|Win32.Build.0 = Debug|Win32
		{5B7756FE-C6C1-4F8B-B1B6-E2508A4CCC1F}.Release|Win32.ActiveCfg = Release|Win32
		{5B7756FE-C6C1-4F8B-B1B6-E2508A4CCC1F}.Release|Win32.Build.0 = Release|Win32
		{7BF42CAE-C328-4A56-9BFD-CE42D83D1262}.Debug|Win32.ActiveCfg = Debug|Win32
		{7BF42CAE-C328-4A56-9BFD-CE42D83D1262}.Debug|Win32.Build.0 = Debug|Win32
		{7BF42CAE-C328-4A56-9BFD-CE42D83D1262}.Release|Win32.ActiveCfg = Release|Win32
		{7BF42CAE-C328-4A56-9BFD-CE42D83D1262}.Release|Win32.Build.0 = Release|Win32
		{86E480A5-3A32-4020-9A87-1B63DE766A6E}.Debug|Win32.ActiveCfg = Debug|Win32
		{86E480A5-3A32-4020-9A87-1B63DE766A6E}.Debug|Win32.Build.0 = Debug|Win32
		{86E480A5-3A32-4020-9A87-1B63DE766A6E}.Release|Win32.ActiveCfg = Release|Win32
		{86E480A5-3A32-4020-9A87-1B63DE766A6E}.Release|Win32.Build.0 = Release|Win32
		{E0380179-D85C-4EA8-8608-2117AE48B416}.Debug|Win32.ActiveCfg = Debug|Win32
		{E0380179-D85C-4EA8-8608-2117AE48B416}.Debug|Win32.Build.0 = Debug|Win32
		{E0380179-D85C-4EA8-8608-2117AE48B416}.Release|Win32.ActiveCfg = Release|Win32
		{E0380179-D85C-4EA8-8608-2117AE48B416}.Release|Win32.Build.0 = Release|Win32
		{2D731FF8-E872-431C-9A8A-AA6DC260F477}.Debug|Win32.ActiveCfg = Debug|Win32
		{2D731FF8-E872-431C-9A8A-AA6DC260F477}.Debug|Win32.Build.0 = Debug|Win32
		{2D731FF8-E872-431C-9A8A-AA6DC260F477}.Release|Win32.ActiveCfg = Release|Win32
		{2D731FF8-E872-431C-9A8A-AA6DC260F477}.Release|Win32.Build.0 = Release|Win32
		{D9F7002F-5B0B-47CC-9B81-008786AB9A4E}.Debug|Win32.ActiveCfg = Debug|Win32
		{D9F7002F-5B0B-47CC-9B81-008786AB9A4E}.Debug|Win32.Build.0 = Debug|Win32
		{D9F7002F-5B0B-47CC-9B81-008786AB9A4E}.Release|Win32.ActiveCfg = Release|Win32
		{D9F7002F-5B0B-47CC-9B81-008786AB9A4E}.Release|Win32.Build.0 = Release|Win32
	EndGlobalSection
	GlobalSection(SolutionProperties) = preSolution
		HideSolutionNode = FALSE
	EndGlobalSection
	GlobalSection(NestedProjects) = preSolution
		{BDCCBABD-5CC7-4472-9E01-A5ED45A2266B} = {8BF375E3-6F4C-4A37-AC13-05B53622449A}
		{D74C4D0D-B19F-4155-B0D8-B1171D91839A} = {C89B9D79-0565-43FA-A9BA-FC5CB52972F1}
		{55215990-D4D7-435D-8608-E6078C0F184F} = {88DDBFE1-5E4A-4B1B-A62F-1D38B81D8E64}
		{1E45E76B-4E96-4DBA-8EBB-212D2463065E} = {88DDBFE1-5E4A-4B1B-A62F-1D38B81D8E64}
		{CB071729-ABAB-4E0F-83C3-8EF7B1B56ED6} = {88DDBFE1-5E4A-4B1B-A62F-1D38B81D8E64}
		{7974C387-4D43-4C1C-B9AD-DE81A9422FF5} = {88DDBFE1-5E4A-4B1B-A62F-1D38B81D8E64}
		{078F794F-B434-488B-829E-3D41676F2797} = {88DDBFE1-5E4A-4B1B-A62F-1D38B81D8E64}
		{E6B84651-1EF9-4DFB-BFFB-6EC04E1D7297} = {88DDBFE1-5E4A-4B1B-A62F-1D38B81D8E64}
		{5BD6728C-2AA9-482E-BBD6-0BA90CCC5AD6} = {88DDBFE1-5E4A-4B1B-A62F-1D38B81D8E64}
		{6AB27E35-8AAF-44EA-8AB6-33EF997F4BB0} = {88DDBFE1-5E4A-4B1B-A62F-1D38B81D8E64}
		{7C0BDFC3-67A6-43B0-A6A5-026CCF9CA21C} = {88DDBFE1-5E4A-4B1B-A62F-1D38B81D8E64}
		{55BE011A-E4EF-420F-AF09-2C38C5A942FC} = {88DDBFE1-5E4A-4B1B-A62F-1D38B81D8E64}
		{A4CCE5E6-154B-41A5-8117-9D0C1D405654} = {88DDBFE1-5E4A-4B1B-A62F-1D38B81D8E64}
		{59CC770F-F4A5-439B-8FA4-2BA200EA628F} = {88DDBFE1-5E4A-4B1B-A62F-1D38B81D8E64}
		{57FF759A-18E7-4AB4-BCAB-621F1E58B561} = {88DDBFE1-5E4A-4B1B-A62F-1D38B81D8E64}
		{2F81C843-B8D8-4619-BE9A-DF31C69E45A6} = {88DDBFE1-5E4A-4B1B-A62F-1D38B81D8E64}
		{D1A59A69-EB63-4CC0-BA15-5EDAAEA1155F} = {51107080-11B5-453F-8F32-CCFB448458AE}
		{F8C409DD-AEB7-4287-B78D-8426DC570FF8} = {51107080-11B5-453F-8F32-CCFB448458AE}
		{3AB01E6B-797C-4039-BA7D-96F9CAC6F432} = {51107080-11B5-453F-8F32-CCFB448458AE}
		{46B70D48-3BF4-420C-825D-3B1F185A5A55} = {51107080-11B5-453F-8F32-CCFB448458AE}
		{3BAEE5B6-2ACE-4068-9584-3086A3101F73} = {51107080-11B5-453F-8F32-CCFB448458AE}
		{F0DAF0BB-AEE0-4139-952D-DF03DF3096A3} = {51107080-11B5-453F-8F32-CCFB448458AE}
		{F9BEBB71-DDDF-4F3E-9874-A0C153A297C2} = {D1A59A69-EB63-4CC0-BA15-5EDAAEA1155F}
		{CCA8A8AB-5EB1-4FB9-A3D9-41FD29256951} = {D1A59A69-EB63-4CC0-BA15-5EDAAEA1155F}
		{AAAC08B8-B313-4BC7-B6F2-D9B280070AFF} = {F8C409DD-AEB7-4287-B78D-8426DC570FF8}
		{31148DDE-0574-4575-9366-6A0B513605B0} = {F8C409DD-AEB7-4287-B78D-8426DC570FF8}
		{7BF42CAE-C328-4A56-9BFD-CE42D83D1262} = {F8C409DD-AEB7-4287-B78D-8426DC570FF8}
		{2D731FF8-E872-431C-9A8A-AA6DC260F477} = {F8C409DD-AEB7-4287-B78D-8426DC570FF8}
		{3C201E23-AB9E-4474-8199-22E70A0627F1} = {3AB01E6B-797C-4039-BA7D-96F9CAC6F432}
		{57640631-77F9-476E-B0E0-20DA43FE8F52} = {46B70D48-3BF4-420C-825D-3B1F185A5A55}
		{4A86785A-A745-4544-AA1E-830D45E89E72} = {46B70D48-3BF4-420C-825D-3B1F185A5A55}
		{5B7756FE-C6C1-4F8B-B1B6-E2508A4CCC1F} = {46B70D48-3BF4-420C-825D-3B1F185A5A55}
		{0C4D521B-C547-46EE-8724-8D0E6B7B1ECD} = {3BAEE5B6-2ACE-4068-9584-3086A3101F73}
		{FB62193B-77F0-469F-A208-B7F6B9C75BFC} = {3BAEE5B6-2ACE-4068-9584-3086A3101F73}
		{86E480A5-3A32-4020-9A87-1B63DE766A6E} = {0C4D521B-C547-46EE-8724-8D0E6B7B1ECD}
		{E0380179-D85C-4EA8-8608-2117AE48B416} = {F0DAF0BB-AEE0-4139-952D-DF03DF3096A3}
		{D9F7002F-5B0B-47CC-9B81-008786AB9A4E} = {FB62193B-77F0-469F-A208-B7F6B9C75BFC}
	EndGlobalSection
EndGlobal
