
Microsoft Visual Studio Solution File, Format Version 10.00
# Visual Studio 2008
Project("{2150E333-8FDC-42A3-9474-1A3956D46DE8}") = "Algorithms", "Algorithms", "{8BF375E3-6F4C-4A37-AC13-05B53622449A}"
EndProject
Project("{8BC9CEB8-8B4A-11D0-8D11-00A0C91BC942}") = "windage", "windage\windage.vcproj", "{BDCCBABD-5CC7-4472-9E01-A5ED45A2266B}"
EndProject
Project("{8BC9CEB8-8B4A-11D0-8D11-00A0C91BC942}") = "windageTest", "..\..\Test Programs\windageTest\windageTest.vcproj", "{D74C4D0D-B19F-4155-B0D8-B1171D91839A}"
	ProjectSection(ProjectDependencies) = postProject
		{BDCCBABD-5CC7-4472-9E01-A5ED45A2266B} = {BDCCBABD-5CC7-4472-9E01-A5ED45A2266B}
	EndProjectSection
EndProject
Project("{2150E333-8FDC-42A3-9474-1A3956D46DE8}") = "Test", "Test", "{C89B9D79-0565-43FA-A9BA-FC5CB52972F1}"
EndProject
Project("{2150E333-8FDC-42A3-9474-1A3956D46DE8}") = "Examples", "Examples", "{88DDBFE1-5E4A-4B1B-A62F-1D38B81D8E64}"
EndProject
Project("{8BC9CEB8-8B4A-11D0-8D11-00A0C91BC942}") = "SingleObjectTracking", "..\..\Examples\SingleObjectTracking\SingleObjectTracking.vcproj", "{55215990-D4D7-435D-8608-E6078C0F184F}"
	ProjectSection(ProjectDependencies) = postProject
		{BDCCBABD-5CC7-4472-9E01-A5ED45A2266B} = {BDCCBABD-5CC7-4472-9E01-A5ED45A2266B}
	EndProjectSection
EndProject
Project("{8BC9CEB8-8B4A-11D0-8D11-00A0C91BC942}") = "MultipleObjectTracking", "..\..\Examples\MultipleObjectTracking\MultipleObjectTracking.vcproj", "{1E45E76B-4E96-4DBA-8EBB-212D2463065E}"
	ProjectSection(ProjectDependencies) = postProject
		{BDCCBABD-5CC7-4472-9E01-A5ED45A2266B} = {BDCCBABD-5CC7-4472-9E01-A5ED45A2266B}
	EndProjectSection
EndProject
Project("{8BC9CEB8-8B4A-11D0-8D11-00A0C91BC942}") = "SimpleARforOpenGL", "..\..\Examples\SimpleARforOpenGL\SimpleARforOpenGL.vcproj", "{CB071729-ABAB-4E0F-83C3-8EF7B1B56ED6}"
	ProjectSection(ProjectDependencies) = postProject
		{BDCCBABD-5CC7-4472-9E01-A5ED45A2266B} = {BDCCBABD-5CC7-4472-9E01-A5ED45A2266B}
	EndProjectSection
EndProject
Project("{2150E333-8FDC-42A3-9474-1A3956D46DE8}") = "Research Projects", "Research Projects", "{51107080-11B5-453F-8F32-CCFB448458AE}"
EndProject
Project("{8BC9CEB8-8B4A-11D0-8D11-00A0C91BC942}") = "CameraTracjectory", "..\..\Examples\CameraTracjectory\CameraTracjectory.vcproj", "{7974C387-4D43-4C1C-B9AD-DE81A9422FF5}"
	ProjectSection(ProjectDependencies) = postProject
		{BDCCBABD-5CC7-4472-9E01-A5ED45A2266B} = {BDCCBABD-5CC7-4472-9E01-A5ED45A2266B}
	EndProjectSection
EndProject
Project("{8BC9CEB8-8B4A-11D0-8D11-00A0C91BC942}") = "SparseReconstruction", "..\..\Examples\SparseReconstruction\SparseReconstruction.vcproj", "{078F794F-B434-488B-829E-3D41676F2797}"
	ProjectSection(ProjectDependencies) = postProject
		{BDCCBABD-5CC7-4472-9E01-A5ED45A2266B} = {BDCCBABD-5CC7-4472-9E01-A5ED45A2266B}
	EndProjectSection
EndProject
Project("{8BC9CEB8-8B4A-11D0-8D11-00A0C91BC942}") = "LoadReconstruction", "..\..\Examples\LoadReconstruction\LoadReconstruction.vcproj", "{E6B84651-1EF9-4DFB-BFFB-6EC04E1D7297}"
	ProjectSection(ProjectDependencies) = postProject
		{BDCCBABD-5CC7-4472-9E01-A5ED45A2266B} = {BDCCBABD-5CC7-4472-9E01-A5ED45A2266B}
	EndProjectSection
EndProject
Global
	GlobalSection(SolutionConfigurationPlatforms) = preSolution
		Debug|Win32 = Debug|Win32
		Release|Win32 = Release|Win32
	EndGlobalSection
	GlobalSection(ProjectConfigurationPlatforms) = postSolution
		{BDCCBABD-5CC7-4472-9E01-A5ED45A2266B}.Debug|Win32.ActiveCfg = Debug|Win32
		{BDCCBABD-5CC7-4472-9E01-A5ED45A2266B}.Debug|Win32.Build.0 = Debug|Win32
		{BDCCBABD-5CC7-4472-9E01-A5ED45A2266B}.Release|Win32.ActiveCfg = Release|Win32
		{BDCCBABD-5CC7-4472-9E01-A5ED45A2266B}.Release|Win32.Build.0 = Release|Win32
		{D74C4D0D-B19F-4155-B0D8-B1171D91839A}.Debug|Win32.ActiveCfg = Debug|Win32
		{D74C4D0D-B19F-4155-B0D8-B1171D91839A}.Debug|Win32.Build.0 = Debug|Win32
		{D74C4D0D-B19F-4155-B0D8-B1171D91839A}.Release|Win32.ActiveCfg = Release|Win32
		{D74C4D0D-B19F-4155-B0D8-B1171D91839A}.Release|Win32.Build.0 = Release|Win32
		{55215990-D4D7-435D-8608-E6078C0F184F}.Debug|Win32.ActiveCfg = Debug|Win32
		{55215990-D4D7-435D-8608-E6078C0F184F}.Debug|Win32.Build.0 = Debug|Win32
		{55215990-D4D7-435D-8608-E6078C0F184F}.Release|Win32.ActiveCfg = Release|Win32
		{55215990-D4D7-435D-8608-E6078C0F184F}.Release|Win32.Build.0 = Release|Win32
		{1E45E76B-4E96-4DBA-8EBB-212D2463065E}.Debug|Win32.ActiveCfg = Debug|Win32
		{1E45E76B-4E96-4DBA-8EBB-212D2463065E}.Debug|Win32.Build.0 = Debug|Win32
		{1E45E76B-4E96-4DBA-8EBB-212D2463065E}.Release|Win32.ActiveCfg = Release|Win32
		{1E45E76B-4E96-4DBA-8EBB-212D2463065E}.Release|Win32.Build.0 = Release|Win32
		{CB071729-ABAB-4E0F-83C3-8EF7B1B56ED6}.Debug|Win32.ActiveCfg = Debug|Win32
		{CB071729-ABAB-4E0F-83C3-8EF7B1B56ED6}.Debug|Win32.Build.0 = Debug|Win32
		{CB071729-ABAB-4E0F-83C3-8EF7B1B56ED6}.Release|Win32.ActiveCfg = Release|Win32
		{CB071729-ABAB-4E0F-83C3-8EF7B1B56ED6}.Release|Win32.Build.0 = Release|Win32
		{7974C387-4D43-4C1C-B9AD-DE81A9422FF5}.Debug|Win32.ActiveCfg = Debug|Win32
		{7974C387-4D43-4C1C-B9AD-DE81A9422FF5}.Debug|Win32.Build.0 = Debug|Win32
		{7974C387-4D43-4C1C-B9AD-DE81A9422FF5}.Release|Win32.ActiveCfg = Release|Win32
		{7974C387-4D43-4C1C-B9AD-DE81A9422FF5}.Release|Win32.Build.0 = Release|Win32
		{078F794F-B434-488B-829E-3D41676F2797}.Debug|Win32.ActiveCfg = Debug|Win32
		{078F794F-B434-488B-829E-3D41676F2797}.Debug|Win32.Build.0 = Debug|Win32
		{078F794F-B434-488B-829E-3D41676F2797}.Release|Win32.ActiveCfg = Release|Win32
		{078F794F-B434-488B-829E-3D41676F2797}.Release|Win32.Build.0 = Release|Win32
		{E6B84651-1EF9-4DFB-BFFB-6EC04E1D7297}.Debug|Win32.ActiveCfg = Debug|Win32
		{E6B84651-1EF9-4DFB-BFFB-6EC04E1D7297}.Debug|Win32.Build.0 = Debug|Win32
		{E6B84651-1EF9-4DFB-BFFB-6EC04E1D7297}.Release|Win32.ActiveCfg = Release|Win32
		{E6B84651-1EF9-4DFB-BFFB-6EC04E1D7297}.Release|Win32.Build.0 = Release|Win32
	EndGlobalSection
	GlobalSection(SolutionProperties) = preSolution
		HideSolutionNode = FALSE
	EndGlobalSection
	GlobalSection(NestedProjects) = preSolution
		{BDCCBABD-5CC7-4472-9E01-A5ED45A2266B} = {8BF375E3-6F4C-4A37-AC13-05B53622449A}
		{D74C4D0D-B19F-4155-B0D8-B1171D91839A} = {C89B9D79-0565-43FA-A9BA-FC5CB52972F1}
		{55215990-D4D7-435D-8608-E6078C0F184F} = {88DDBFE1-5E4A-4B1B-A62F-1D38B81D8E64}
		{1E45E76B-4E96-4DBA-8EBB-212D2463065E} = {88DDBFE1-5E4A-4B1B-A62F-1D38B81D8E64}
		{CB071729-ABAB-4E0F-83C3-8EF7B1B56ED6} = {88DDBFE1-5E4A-4B1B-A62F-1D38B81D8E64}
		{7974C387-4D43-4C1C-B9AD-DE81A9422FF5} = {88DDBFE1-5E4A-4B1B-A62F-1D38B81D8E64}
		{078F794F-B434-488B-829E-3D41676F2797} = {88DDBFE1-5E4A-4B1B-A62F-1D38B81D8E64}
		{E6B84651-1EF9-4DFB-BFFB-6EC04E1D7297} = {88DDBFE1-5E4A-4B1B-A62F-1D38B81D8E64}
	EndGlobalSection
EndGlobal
